PODS:
  - ADCountryPicker (2.1.0)
  - Alamofire (5.4.3)
  - BEMCheckBox (1.4.1)
  - Cosmos (23.0.0)
  - IQKeyboardManager (6.5.6)
  - RxAlamofire (6.1.1):
    - RxAlamofire/Core (= 6.1.1)
  - RxAlamofire/Core (6.1.1):
    - Alamofire (~> 5.4)
    - RxSwift (~> 6.0)
  - RxCocoa (6.2.0):
    - RxRelay (= 6.2.0)
    - RxSwift (= 6.2.0)
  - RxRelay (6.2.0):
    - RxSwift (= 6.2.0)
  - RxSwift (6.2.0)
  - SDWebImage (5.11.1):
    - SDWebImage/Core (= 5.11.1)
  - SDWebImage/Core (5.11.1)
  - SVProgressHUD (2.2.5)
  - SwiftRangeSlider (2.0.0)
  - "UITextView+Placeholder (1.4.0)"

DEPENDENCIES:
  - ADCountryPicker (~> 2.1.0)
  - Alamofire
  - BEMCheckBox
  - Cosmos
  - IQKeyboardManager
  - RxAlamofire
  - RxCocoa
  - RxSwift
  - SDWebImage
  - SVProgressHUD
  - SwiftRangeSlider (~> 2.0)
  - "UITextView+Placeholder"

SPEC REPOS:
  trunk:
    - ADCountryPicker
    - Alamofire
    - BEMCheckBox
    - Cosmos
    - IQKeyboardManager
    - RxAlamofire
    - RxCocoa
    - RxRelay
    - RxSwift
    - SDWebImage
    - SVProgressHUD
    - SwiftRangeSlider
    - "UITextView+Placeholder"

SPEC CHECKSUMS:
  ADCountryPicker: 502cee76a30ea1c3834eb0df170ce635691655c9
  Alamofire: e447a2774a40c996748296fa2c55112fdbbc42f9
  BEMCheckBox: 5ba6e37ade3d3657b36caecc35c8b75c6c2b1a4e
  Cosmos: b5c6a9a637e28a061b54c8f8b1d8529d7d4db73f
  IQKeyboardManager: 2a6e97afdafc7becf0cb17a9a8d795e3a980717f
  RxAlamofire: beb75a1c452d0de225651db4903f5d29d034a620
  RxCocoa: 4baf94bb35f2c0ab31bc0cb9f1900155f646ba42
  RxRelay: e72dbfd157807478401ef1982e1c61c945c94b2f
  RxSwift: d356ab7bee873611322f134c5f9ef379fa183d8f
  SDWebImage: a7f831e1a65eb5e285e3fb046a23fcfbf08e696d
  SVProgressHUD: 1428aafac632c1f86f62aa4243ec12008d7a51d6
  SwiftRangeSlider: f86e3b637c961120158fa1a89277c8343845cbe4
  "UITextView+Placeholder": d7b0c400921f66523f3a85d74f774512e14f6502

PODFILE CHECKSUM: 81447df256ec83d840a692952cba204911878e4d

COCOAPODS: 1.10.1
